// !$*UTF8*$!
{
	archiveVersion = 1;
	classes = {
	};
	objectVersion = 46;
	objects = {

/* Begin PBXBuildFile section */
		86C45A8E1CA82E90001E563D /* main.m in Sources */ = {isa = PBXBuildFile; fileRef = 86C45A8D1CA82E90001E563D /* main.m */; };
		86C45A911CA82E90001E563D /* AppDelegate.m in Sources */ = {isa = PBXBuildFile; fileRef = 86C45A901CA82E90001E563D /* AppDelegate.m */; };
		86C45A941CA82E90001E563D /* NASAAPODImageViewController.m in Sources */ = {isa = PBXBuildFile; fileRef = 86C45A931CA82E90001E563D /* NASAAPODImageViewController.m */; };
		86C45A971CA82E90001E563D /* Main.storyboard in Resources */ = {isa = PBXBuildFile; fileRef = 86C45A951CA82E90001E563D /* Main.storyboard */; };
		86C45A991CA82E90001E563D /* Assets.xcassets in Resources */ = {isa = PBXBuildFile; fileRef = 86C45A981CA82E90001E563D /* Assets.xcassets */; };
		86C45A9C1CA82E90001E563D /* LaunchScreen.storyboard in Resources */ = {isa = PBXBuildFile; fileRef = 86C45A9A1CA82E90001E563D /* LaunchScreen.storyboard */; };
		86C45AA51CA83018001E563D /* NASAAPODPicturiesPageViewController.m in Sources */ = {isa = PBXBuildFile; fileRef = 86C45AA41CA83018001E563D /* NASAAPODPicturiesPageViewController.m */; };
/* End PBXBuildFile section */

/* Begin PBXFileReference section */
		86C45A891CA82E90001E563D /* NasaAPOD.app */ = {isa = PBXFileReference; explicitFileType = wrapper.application; includeInIndex = 0; path = NasaAPOD.app; sourceTree = BUILT_PRODUCTS_DIR; };
		86C45A8D1CA82E90001E563D /* main.m */ = {isa = PBXFileReference; lastKnownFileType = sourcecode.c.objc; path = main.m; sourceTree = "<group>"; };
		86C45A8F1CA82E90001E563D /* AppDelegate.h */ = {isa = PBXFileReference; lastKnownFileType = sourcecode.c.h; path = AppDelegate.h; sourceTree = "<group>"; };
		86C45A901CA82E90001E563D /* AppDelegate.m */ = {isa = PBXFileReference; lastKnownFileType = sourcecode.c.objc; path = AppDelegate.m; sourceTree = "<group>"; };
		86C45A921CA82E90001E563D /* NASAAPODImageViewController.h */ = {isa = PBXFileReference; lastKnownFileType = sourcecode.c.h; path = NASAAPODImageViewController.h; sourceTree = "<group>"; };
		86C45A931CA82E90001E563D /* NASAAPODImageViewController.m */ = {isa = PBXFileReference; lastKnownFileType = sourcecode.c.objc; path = NASAAPODImageViewController.m; sourceTree = "<group>"; };
		86C45A961CA82E90001E563D /* Base */ = {isa = PBXFileReference; lastKnownFileType = file.storyboard; name = Base; path = Base.lproj/Main.storyboard; sourceTree = "<group>"; };
		86C45A981CA82E90001E563D /* Assets.xcassets */ = {isa = PBXFileReference; lastKnownFileType = folder.assetcatalog; path = Assets.xcassets; sourceTree = "<group>"; };
		86C45A9B1CA82E90001E563D /* Base */ = {isa = PBXFileReference; lastKnownFileType = file.storyboard; name = Base; path = Base.lproj/LaunchScreen.storyboard; sourceTree = "<group>"; };
		86C45A9D1CA82E90001E563D /* Info.plist */ = {isa = PBXFileReference; lastKnownFileType = text.plist.xml; path = Info.plist; sourceTree = "<group>"; };
		86C45AA31CA83018001E563D /* NASAAPODPicturiesPageViewController.h */ = {isa = PBXFileReference; fileEncoding = 4; lastKnownFileType = sourcecode.c.h; path = NASAAPODPicturiesPageViewController.h; sourceTree = "<group>"; };
		86C45AA41CA83018001E563D /* NASAAPODPicturiesPageViewController.m */ = {isa = PBXFileReference; fileEncoding = 4; lastKnownFileType = sourcecode.c.objc; path = NASAAPODPicturiesPageViewController.m; sourceTree = "<group>"; };
/* End PBXFileReference section */

/* Begin PBXFrameworksBuildPhase section */
		86C45A861CA82E90001E563D /* Frameworks */ = {
			isa = PBXFrameworksBuildPhase;
			buildActionMask = 2147483647;
			files = (
			);
			runOnlyForDeploymentPostprocessing = 0;
		};
/* End PBXFrameworksBuildPhase section */

/* Begin PBXGroup section */
		869D12DC1DC40E1500A7B693 /* Resource */ = {
			isa = PBXGroup;
			children = (
				86C45A951CA82E90001E563D /* Main.storyboard */,
				86C45A981CA82E90001E563D /* Assets.xcassets */,
				86C45A9A1CA82E90001E563D /* LaunchScreen.storyboard */,
				86C45A9D1CA82E90001E563D /* Info.plist */,
			);
			name = Resource;
			sourceTree = "<group>";
		};
		869D12DD1DC40E2400A7B693 /* Source */ = {
			isa = PBXGroup;
			children = (
				86C45A8F1CA82E90001E563D /* AppDelegate.h */,
				86C45A901CA82E90001E563D /* AppDelegate.m */,
				869D12DE1DC40E3000A7B693 /* Controllers */,
			);
			name = Source;
			sourceTree = "<group>";
		};
		869D12DE1DC40E3000A7B693 /* Controllers */ = {
			isa = PBXGroup;
			children = (
				86C45AA31CA83018001E563D /* NASAAPODPicturiesPageViewController.h */,
				86C45AA41CA83018001E563D /* NASAAPODPicturiesPageViewController.m */,
				86C45A921CA82E90001E563D /* NASAAPODImageViewController.h */,
				86C45A931CA82E90001E563D /* NASAAPODImageViewController.m */,
			);
			name = Controllers;
			sourceTree = "<group>";
		};
		86C45A801CA82E90001E563D = {
			isa = PBXGroup;
			children = (
				86C45A8B1CA82E90001E563D /* NasaAPOD */,
				86C45A8A1CA82E90001E563D /* Products */,
			);
			sourceTree = "<group>";
		};
		86C45A8A1CA82E90001E563D /* Products */ = {
			isa = PBXGroup;
			children = (
				86C45A891CA82E90001E563D /* NasaAPOD.app */,
			);
			name = Products;
			sourceTree = "<group>";
		};
		86C45A8B1CA82E90001E563D /* NasaAPOD */ = {
			isa = PBXGroup;
			children = (
				869D12DD1DC40E2400A7B693 /* Source */,
				869D12DC1DC40E1500A7B693 /* Resource */,
				86C45A8C1CA82E90001E563D /* Supporting Files */,
			);
			path = NasaAPOD;
			sourceTree = "<group>";
		};
		86C45A8C1CA82E90001E563D /* Supporting Files */ = {
			isa = PBXGroup;
			children = (
				86C45A8D1CA82E90001E563D /* main.m */,
			);
			name = "Supporting Files";
			sourceTree = "<group>";
		};
/* End PBXGroup section */

/* Begin PBXNativeTarget section */
		86C45A881CA82E90001E563D /* NasaAPOD */ = {
			isa = PBXNativeTarget;
			buildConfigurationList = 86C45AA01CA82E90001E563D /* Build configuration list for PBXNativeTarget "NasaAPOD" */;
			buildPhases = (
				86C45A851CA82E90001E563D /* Sources */,
				86C45A861CA82E90001E563D /* Frameworks */,
				86C45A871CA82E90001E563D /* Resources */,
			);
			buildRules = (
			);
			dependencies = (
			);
			name = NasaAPOD;
			productName = NasaAPOD;
			productReference = 86C45A891CA82E90001E563D /* NasaAPOD.app */;
			productType = "com.apple.product-type.application";
		};
/* End PBXNativeTarget section */

/* Begin PBXProject section */
		86C45A811CA82E90001E563D /* Project object */ = {
			isa = PBXProject;
			attributes = {
				CLASSPREFIX = NASAAPOD;
				LastUpgradeCheck = 0730;
				ORGANIZATIONNAME = "Vladislav Patrashkov";
				TargetAttributes = {
					86C45A881CA82E90001E563D = {
						CreatedOnToolsVersion = 7.3;
					};
				};
			};
			buildConfigurationList = 86C45A841CA82E90001E563D /* Build configuration list for PBXProject "NasaAPOD" */;
			compatibilityVersion = "Xcode 3.2";
			developmentRegion = English;
			hasScannedForEncodings = 0;
			knownRegions = (
				en,
				Base,
			);
			mainGroup = 86C45A801CA82E90001E563D;
			productRefGroup = 86C45A8A1CA82E90001E563D /* Products */;
			projectDirPath = "";
			projectRoot = "";
			targets = (
				86C45A881CA82E90001E563D /* NasaAPOD */,
			);
		};
/* End PBXProject section */

/* Begin PBXResourcesBuildPhase section */
		86C45A871CA82E90001E563D /* Resources */ = {
			isa = PBXResourcesBuildPhase;
			buildActionMask = 2147483647;
			files = (
				86C45A9C1CA82E90001E563D /* LaunchScreen.storyboard in Resources */,
				86C45A991CA82E90001E563D /* Assets.xcassets in Resources */,
				86C45A971CA82E90001E563D /* Main.storyboard in Resources */,
			);
			runOnlyForDeploymentPostprocessing = 0;
		};
/* End PBXResourcesBuildPhase section */

/* Begin PBXSourcesBuildPhase section */
		86C45A851CA82E90001E563D /* Sources */ = {
			isa = PBXSourcesBuildPhase;
			buildActionMask = 2147483647;
			files = (
				86C45A941CA82E90001E563D /* NASAAPODImageViewController.m in Sources */,
				86C45A911CA82E90001E563D /* AppDelegate.m in Sources */,
				86C45A8E1CA82E90001E563D /* main.m in Sources */,
				86C45AA51CA83018001E563D /* NASAAPODPicturiesPageViewController.m in Sources */,
			);
			runOnlyForDeploymentPostprocessing = 0;
		};
/* End PBXSourcesBuildPhase section */

/* Begin PBXVariantGroup section */
		86C45A951CA82E90001E563D /* Main.storyboard */ = {
			isa = PBXVariantGroup;
			children = (
				86C45A961CA82E90001E563D /* Base */,
			);
			name = Main.storyboard;
			sourceTree = "<group>";
		};
		86C45A9A1CA82E90001E563D /* LaunchScreen.storyboard */ = {
			isa = PBXVariantGroup;
			children = (
				86C45A9B1CA82E90001E563D /* Base */,
			);
			name = LaunchScreen.storyboard;
			sourceTree = "<group>";
		};
/* End PBXVariantGroup section */

/* Begin XCBuildConfiguration section */
		86C45A9E1CA82E90001E563D /* Debug */ = {
			isa = XCBuildConfiguration;
			buildSettings = {
				ALWAYS_SEARCH_USER_PATHS = NO;
				CLANG_ANALYZER_NONNULL = YES;
				CLANG_CXX_LANGUAGE_STANDARD = "gnu++0x";
				CLANG_CXX_LIBRARY = "libc++";
				CLANG_ENABLE_MODULES = YES;
				CLANG_ENABLE_OBJC_ARC = YES;
				CLANG_WARN_BOOL_CONVERSION = YES;
				CLANG_WARN_CONSTANT_CONVERSION = YES;
				CLANG_WARN_DIRECT_OBJC_ISA_USAGE = YES_ERROR;
				CLANG_WARN_EMPTY_BODY = YES;
				CLANG_WARN_ENUM_CONVERSION = YES;
				CLANG_WARN_INT_CONVERSION = YES;
				CLANG_WARN_OBJC_ROOT_CLASS = YES_ERROR;
				CLANG_WARN_UNREACHABLE_CODE = YES;
				CLANG_WARN__DUPLICATE_METHOD_MATCH = YES;
				"CODE_SIGN_IDENTITY[sdk=iphoneos*]" = "iPhone Developer";
				COPY_PHASE_STRIP = NO;
				DEBUG_INFORMATION_FORMAT = dwarf;
				ENABLE_STRICT_OBJC_MSGSEND = YES;
				ENABLE_TESTABILITY = YES;
				GCC_C_LANGUAGE_STANDARD = gnu99;
				GCC_DYNAMIC_NO_PIC = NO;
				GCC_NO_COMMON_BLOCKS = YES;
				GCC_OPTIMIZATION_LEVEL = 0;
				GCC_PREPROCESSOR_DEFINITIONS = (
					"DEBUG=1",
					"$(inherited)",
				);
				GCC_WARN_64_TO_32_BIT_CONVERSION = YES;
				GCC_WARN_ABOUT_RETURN_TYPE = YES_ERROR;
				GCC_WARN_UNDECLARED_SELECTOR = YES;
				GCC_WARN_UNINITIALIZED_AUTOS = YES_AGGRESSIVE;
				GCC_WARN_UNUSED_FUNCTION = YES;
				GCC_WARN_UNUSED_VARIABLE = YES;
				IPHONEOS_DEPLOYMENT_TARGET = 9.3;
				MTL_ENABLE_DEBUG_INFO = YES;
				ONLY_ACTIVE_ARCH = YES;
				SDKROOT = iphoneos;
				TARGETED_DEVICE_FAMILY = "1,2";
			};
			name = Debug;
		};
		86C45A9F1CA82E90001E563D /* Release */ = {
			isa = XCBuildConfiguration;
			buildSettings = {
				ALWAYS_SEARCH_USER_PATHS = NO;
				CLANG_ANALYZER_NONNULL = YES;
				CLANG_CXX_LANGUAGE_STANDARD = "gnu++0x";
				CLANG_CXX_LIBRARY = "libc++";
				CLANG_ENABLE_MODULES = YES;
				CLANG_ENABLE_OBJC_ARC = YES;
				CLANG_WARN_BOOL_CONVERSION = YES;
				CLANG_WARN_CONSTANT_CONVERSION = YES;
				CLANG_WARN_DIRECT_OBJC_ISA_USAGE = YES_ERROR;
				CLANG_WARN_EMPTY_BODY = YES;
				CLANG_WARN_ENUM_CONVERSION = YES;
				CLANG_WARN_INT_CONVERSION = YES;
				CLANG_WARN_OBJC_ROOT_CLASS = YES_ERROR;
				CLANG_WARN_UNREACHABLE_CODE = YES;
				CLANG_WARN__DUPLICATE_METHOD_MATCH = YES;
				"CODE_SIGN_IDENTITY[sdk=iphoneos*]" = "iPhone Developer";
				COPY_PHASE_STRIP = NO;
				DEBUG_INFORMATION_FORMAT = "dwarf-with-dsym";
				ENABLE_NS_ASSERTIONS = NO;
				ENABLE_STRICT_OBJC_MSGSEND = YES;
				GCC_C_LANGUAGE_STANDARD = gnu99;
				GCC_NO_COMMON_BLOCKS = YES;
				GCC_WARN_64_TO_32_BIT_CONVERSION = YES;
				GCC_WARN_ABOUT_RETURN_TYPE = YES_ERROR;
				GCC_WARN_UNDECLARED_SELECTOR = YES;
				GCC_WARN_UNINITIALIZED_AUTOS = YES_AGGRESSIVE;
				GCC_WARN_UNUSED_FUNCTION = YES;
				GCC_WARN_UNUSED_VARIABLE = YES;
				IPHONEOS_DEPLOYMENT_TARGET = 9.3;
				MTL_ENABLE_DEBUG_INFO = NO;
				SDKROOT = iphoneos;
				TARGETED_DEVICE_FAMILY = "1,2";
				VALIDATE_PRODUCT = YES;
			};
			name = Release;
		};
		86C45AA11CA82E90001E563D /* Debug */ = {
			isa = XCBuildConfiguration;
			buildSettings = {
				ASSETCATALOG_COMPILER_APPICON_NAME = AppIcon;
				INFOPLIST_FILE = NasaAPOD/Info.plist;
				LD_RUNPATH_SEARCH_PATHS = "$(inherited) @executable_path/Frameworks";
				PRODUCT_BUNDLE_IDENTIFIER = ua.com.Test.NASA.NasaAPOD;
				PRODUCT_NAME = "$(TARGET_NAME)";
			};
			name = Debug;
		};
		86C45AA21CA82E90001E563D /* Release */ = {
			isa = XCBuildConfiguration;
			buildSettings = {
				ASSETCATALOG_COMPILER_APPICON_NAME = AppIcon;
				INFOPLIST_FILE = NasaAPOD/Info.plist;
				LD_RUNPATH_SEARCH_PATHS = "$(inherited) @executable_path/Frameworks";
				PRODUCT_BUNDLE_IDENTIFIER = ua.com.Test.NASA.NasaAPOD;
				PRODUCT_NAME = "$(TARGET_NAME)";
			};
			name = Release;
		};
/* End XCBuildConfiguration section */

/* Begin XCConfigurationList section */
		86C45A841CA82E90001E563D /* Build configuration list for PBXProject "NasaAPOD" */ = {
			isa = XCConfigurationList;
			buildConfigurations = (
				86C45A9E1CA82E90001E563D /* Debug */,
				86C45A9F1CA82E90001E563D /* Release */,
			);
			defaultConfigurationIsVisible = 0;
			defaultConfigurationName = Release;
		};
		86C45AA01CA82E90001E563D /* Build configuration list for PBXNativeTarget "NasaAPOD" */ = {
			isa = XCConfigurationList;
			buildConfigurations = (
				86C45AA11CA82E90001E563D /* Debug */,
				86C45AA21CA82E90001E563D /* Release */,
			);
			defaultConfigurationIsVisible = 0;
			defaultConfigurationName = Release;
		};
/* End XCConfigurationList section */
	};
	rootObject = 86C45A811CA82E90001E563D /* Project object */;
}
